// !$*UTF8*$!
{
	archiveVersion = 1;
	classes = {
	};
	objectVersion = 46;
	objects = {

/* Begin PBXBuildFile section */
		D5F9BBB118FD672F00E249DE /* Foundation.framework in Frameworks */ = {isa = PBXBuildFile; fileRef = D5F9BBB018FD672F00E249DE /* Foundation.framework */; };
		D5F9BBB318FD672F00E249DE /* CoreGraphics.framework in Frameworks */ = {isa = PBXBuildFile; fileRef = D5F9BBB218FD672F00E249DE /* CoreGraphics.framework */; };
		D5F9BBB518FD672F00E249DE /* UIKit.framework in Frameworks */ = {isa = PBXBuildFile; fileRef = D5F9BBB418FD672F00E249DE /* UIKit.framework */; };
		D5F9BBBB18FD672F00E249DE /* InfoPlist.strings in Resources */ = {isa = PBXBuildFile; fileRef = D5F9BBB918FD672F00E249DE /* InfoPlist.strings */; };
		D5F9BBBD18FD672F00E249DE /* main.m in Sources */ = {isa = PBXBuildFile; fileRef = D5F9BBBC18FD672F00E249DE /* main.m */; };
		D5F9BBC118FD672F00E249DE /* DLAAppDelegate.m in Sources */ = {isa = PBXBuildFile; fileRef = D5F9BBC018FD672F00E249DE /* DLAAppDelegate.m */; };
		D5F9BBC318FD672F00E249DE /* Images.xcassets in Resources */ = {isa = PBXBuildFile; fileRef = D5F9BBC218FD672F00E249DE /* Images.xcassets */; };
		D5F9BBCA18FD672F00E249DE /* XCTest.framework in Frameworks */ = {isa = PBXBuildFile; fileRef = D5F9BBC918FD672F00E249DE /* XCTest.framework */; };
		D5F9BBCB18FD672F00E249DE /* Foundation.framework in Frameworks */ = {isa = PBXBuildFile; fileRef = D5F9BBB018FD672F00E249DE /* Foundation.framework */; };
		D5F9BBCC18FD672F00E249DE /* UIKit.framework in Frameworks */ = {isa = PBXBuildFile; fileRef = D5F9BBB418FD672F00E249DE /* UIKit.framework */; };
		D5F9BBD418FD672F00E249DE /* InfoPlist.strings in Resources */ = {isa = PBXBuildFile; fileRef = D5F9BBD218FD672F00E249DE /* InfoPlist.strings */; };
		D5F9BBD618FD672F00E249DE /* DrawLinesAppTests.m in Sources */ = {isa = PBXBuildFile; fileRef = D5F9BBD518FD672F00E249DE /* DrawLinesAppTests.m */; };
		D5F9BBE118FD679000E249DE /* DLAViewController.m in Sources */ = {isa = PBXBuildFile; fileRef = D5F9BBE018FD679000E249DE /* DLAViewController.m */; };
		D5F9BBE418FD69B200E249DE /* DLAStage.m in Sources */ = {isa = PBXBuildFile; fileRef = D5F9BBE318FD69B200E249DE /* DLAStage.m */; };
/* End PBXBuildFile section */

/* Begin PBXContainerItemProxy section */
		D5F9BBCD18FD672F00E249DE /* PBXContainerItemProxy */ = {
			isa = PBXContainerItemProxy;
			containerPortal = D5F9BBA518FD672F00E249DE /* Project object */;
			proxyType = 1;
			remoteGlobalIDString = D5F9BBAC18FD672F00E249DE;
			remoteInfo = DrawLinesApp;
		};
/* End PBXContainerItemProxy section */

/* Begin PBXFileReference section */
		D5F9BBAD18FD672F00E249DE /* DrawLinesApp.app */ = {isa = PBXFileReference; explicitFileType = wrapper.application; includeInIndex = 0; path = DrawLinesApp.app; sourceTree = BUILT_PRODUCTS_DIR; };
		D5F9BBB018FD672F00E249DE /* Foundation.framework */ = {isa = PBXFileReference; lastKnownFileType = wrapper.framework; name = Foundation.framework; path = System/Library/Frameworks/Foundation.framework; sourceTree = SDKROOT; };
		D5F9BBB218FD672F00E249DE /* CoreGraphics.framework */ = {isa = PBXFileReference; lastKnownFileType = wrapper.framework; name = CoreGraphics.framework; path = System/Library/Frameworks/CoreGraphics.framework; sourceTree = SDKROOT; };
		D5F9BBB418FD672F00E249DE /* UIKit.framework */ = {isa = PBXFileReference; lastKnownFileType = wrapper.framework; name = UIKit.framework; path = System/Library/Frameworks/UIKit.framework; sourceTree = SDKROOT; };
		D5F9BBB818FD672F00E249DE /* DrawLinesApp-Info.plist */ = {isa = PBXFileReference; lastKnownFileType = text.plist.xml; path = "DrawLinesApp-Info.plist"; sourceTree = "<group>"; };
		D5F9BBBA18FD672F00E249DE /* en */ = {isa = PBXFileReference; lastKnownFileType = text.plist.strings; name = en; path = en.lproj/InfoPlist.strings; sourceTree = "<group>"; };
		D5F9BBBC18FD672F00E249DE /* main.m */ = {isa = PBXFileReference; lastKnownFileType = sourcecode.c.objc; path = main.m; sourceTree = "<group>"; };
		D5F9BBBE18FD672F00E249DE /* DrawLinesApp-Prefix.pch */ = {isa = PBXFileReference; lastKnownFileType = sourcecode.c.h; path = "DrawLinesApp-Prefix.pch"; sourceTree = "<group>"; };
		D5F9BBBF18FD672F00E249DE /* DLAAppDelegate.h */ = {isa = PBXFileReference; lastKnownFileType = sourcecode.c.h; path = DLAAppDelegate.h; sourceTree = "<group>"; };
		D5F9BBC018FD672F00E249DE /* DLAAppDelegate.m */ = {isa = PBXFileReference; lastKnownFileType = sourcecode.c.objc; path = DLAAppDelegate.m; sourceTree = "<group>"; };
		D5F9BBC218FD672F00E249DE /* Images.xcassets */ = {isa = PBXFileReference; lastKnownFileType = folder.assetcatalog; path = Images.xcassets; sourceTree = "<group>"; };
		D5F9BBC818FD672F00E249DE /* DrawLinesAppTests.xctest */ = {isa = PBXFileReference; explicitFileType = wrapper.cfbundle; includeInIndex = 0; path = DrawLinesAppTests.xctest; sourceTree = BUILT_PRODUCTS_DIR; };
		D5F9BBC918FD672F00E249DE /* XCTest.framework */ = {isa = PBXFileReference; lastKnownFileType = wrapper.framework; name = XCTest.framework; path = Library/Frameworks/XCTest.framework; sourceTree = DEVELOPER_DIR; };
		D5F9BBD118FD672F00E249DE /* DrawLinesAppTests-Info.plist */ = {isa = PBXFileReference; lastKnownFileType = text.plist.xml; path = "DrawLinesAppTests-Info.plist"; sourceTree = "<group>"; };
		D5F9BBD318FD672F00E249DE /* en */ = {isa = PBXFileReference; lastKnownFileType = text.plist.strings; name = en; path = en.lproj/InfoPlist.strings; sourceTree = "<group>"; };
		D5F9BBD518FD672F00E249DE /* DrawLinesAppTests.m */ = {isa = PBXFileReference; lastKnownFileType = sourcecode.c.objc; path = DrawLinesAppTests.m; sourceTree = "<group>"; };
		D5F9BBDF18FD679000E249DE /* DLAViewController.h */ = {isa = PBXFileReference; fileEncoding = 4; lastKnownFileType = sourcecode.c.h; path = DLAViewController.h; sourceTree = "<group>"; };
		D5F9BBE018FD679000E249DE /* DLAViewController.m */ = {isa = PBXFileReference; fileEncoding = 4; lastKnownFileType = sourcecode.c.objc; path = DLAViewController.m; sourceTree = "<group>"; };
		D5F9BBE218FD69B200E249DE /* DLAStage.h */ = {isa = PBXFileReference; fileEncoding = 4; lastKnownFileType = sourcecode.c.h; path = DLAStage.h; sourceTree = "<group>"; };
		D5F9BBE318FD69B200E249DE /* DLAStage.m */ = {isa = PBXFileReference; fileEncoding = 4; lastKnownFileType = sourcecode.c.objc; path = DLAStage.m; sourceTree = "<group>"; };
/* End PBXFileReference section */

/* Begin PBXFrameworksBuildPhase section */
		D5F9BBAA18FD672F00E249DE /* Frameworks */ = {
			isa = PBXFrameworksBuildPhase;
			buildActionMask = 2147483647;
			files = (
				D5F9BBB318FD672F00E249DE /* CoreGraphics.framework in Frameworks */,
				D5F9BBB518FD672F00E249DE /* UIKit.framework in Frameworks */,
				D5F9BBB118FD672F00E249DE /* Foundation.framework in Frameworks */,
			);
			runOnlyForDeploymentPostprocessing = 0;
		};
		D5F9BBC518FD672F00E249DE /* Frameworks */ = {
			isa = PBXFrameworksBuildPhase;
			buildActionMask = 2147483647;
			files = (
				D5F9BBCA18FD672F00E249DE /* XCTest.framework in Frameworks */,
				D5F9BBCC18FD672F00E249DE /* UIKit.framework in Frameworks */,
				D5F9BBCB18FD672F00E249DE /* Foundation.framework in Frameworks */,
			);
			runOnlyForDeploymentPostprocessing = 0;
		};
/* End PBXFrameworksBuildPhase section */

/* Begin PBXGroup section */
		D5F9BBA418FD672F00E249DE = {
			isa = PBXGroup;
			children = (
				D5F9BBDF18FD679000E249DE /* DLAViewController.h */,
				D5F9BBE018FD679000E249DE /* DLAViewController.m */,
				D5F9BBB618FD672F00E249DE /* DrawLinesApp */,
				D5F9BBCF18FD672F00E249DE /* DrawLinesAppTests */,
				D5F9BBAF18FD672F00E249DE /* Frameworks */,
				D5F9BBAE18FD672F00E249DE /* Products */,
			);
			sourceTree = "<group>";
		};
		D5F9BBAE18FD672F00E249DE /* Products */ = {
			isa = PBXGroup;
			children = (
				D5F9BBAD18FD672F00E249DE /* DrawLinesApp.app */,
				D5F9BBC818FD672F00E249DE /* DrawLinesAppTests.xctest */,
			);
			name = Products;
			sourceTree = "<group>";
		};
		D5F9BBAF18FD672F00E249DE /* Frameworks */ = {
			isa = PBXGroup;
			children = (
				D5F9BBB018FD672F00E249DE /* Foundation.framework */,
				D5F9BBB218FD672F00E249DE /* CoreGraphics.framework */,
				D5F9BBB418FD672F00E249DE /* UIKit.framework */,
				D5F9BBC918FD672F00E249DE /* XCTest.framework */,
			);
			name = Frameworks;
			sourceTree = "<group>";
		};
		D5F9BBB618FD672F00E249DE /* DrawLinesApp */ = {
			isa = PBXGroup;
			children = (
				D5F9BBBF18FD672F00E249DE /* DLAAppDelegate.h */,
				D5F9BBC018FD672F00E249DE /* DLAAppDelegate.m */,
				D5F9BBE218FD69B200E249DE /* DLAStage.h */,
				D5F9BBE318FD69B200E249DE /* DLAStage.m */,
				D5F9BBC218FD672F00E249DE /* Images.xcassets */,
				D5F9BBB718FD672F00E249DE /* Supporting Files */,
			);
			path = DrawLinesApp;
			sourceTree = "<group>";
		};
		D5F9BBB718FD672F00E249DE /* Supporting Files */ = {
			isa = PBXGroup;
			children = (
				D5F9BBB818FD672F00E249DE /* DrawLinesApp-Info.plist */,
				D5F9BBB918FD672F00E249DE /* InfoPlist.strings */,
				D5F9BBBC18FD672F00E249DE /* main.m */,
				D5F9BBBE18FD672F00E249DE /* DrawLinesApp-Prefix.pch */,
			);
			name = "Supporting Files";
			sourceTree = "<group>";
		};
		D5F9BBCF18FD672F00E249DE /* DrawLinesAppTests */ = {
			isa = PBXGroup;
			children = (
				D5F9BBD518FD672F00E249DE /* DrawLinesAppTests.m */,
				D5F9BBD018FD672F00E249DE /* Supporting Files */,
			);
			path = DrawLinesAppTests;
			sourceTree = "<group>";
		};
		D5F9BBD018FD672F00E249DE /* Supporting Files */ = {
			isa = PBXGroup;
			children = (
				D5F9BBD118FD672F00E249DE /* DrawLinesAppTests-Info.plist */,
				D5F9BBD218FD672F00E249DE /* InfoPlist.strings */,
			);
			name = "Supporting Files";
			sourceTree = "<group>";
		};
/* End PBXGroup section */

/* Begin PBXNativeTarget section */
		D5F9BBAC18FD672F00E249DE /* DrawLinesApp */ = {
			isa = PBXNativeTarget;
			buildConfigurationList = D5F9BBD918FD672F00E249DE /* Build configuration list for PBXNativeTarget "DrawLinesApp" */;
			buildPhases = (
				D5F9BBA918FD672F00E249DE /* Sources */,
				D5F9BBAA18FD672F00E249DE /* Frameworks */,
				D5F9BBAB18FD672F00E249DE /* Resources */,
			);
			buildRules = (
			);
			dependencies = (
			);
			name = DrawLinesApp;
			productName = DrawLinesApp;
			productReference = D5F9BBAD18FD672F00E249DE /* DrawLinesApp.app */;
			productType = "com.apple.product-type.application";
		};
		D5F9BBC718FD672F00E249DE /* DrawLinesAppTests */ = {
			isa = PBXNativeTarget;
			buildConfigurationList = D5F9BBDC18FD672F00E249DE /* Build configuration list for PBXNativeTarget "DrawLinesAppTests" */;
			buildPhases = (
				D5F9BBC418FD672F00E249DE /* Sources */,
				D5F9BBC518FD672F00E249DE /* Frameworks */,
				D5F9BBC618FD672F00E249DE /* Resources */,
			);
			buildRules = (
			);
			dependencies = (
				D5F9BBCE18FD672F00E249DE /* PBXTargetDependency */,
			);
			name = DrawLinesAppTests;
			productName = DrawLinesAppTests;
			productReference = D5F9BBC818FD672F00E249DE /* DrawLinesAppTests.xctest */;
			productType = "com.apple.product-type.bundle.unit-test";
		};
/* End PBXNativeTarget section */

/* Begin PBXProject section */
		D5F9BBA518FD672F00E249DE /* Project object */ = {
			isa = PBXProject;
			attributes = {
				CLASSPREFIX = DLA;
				LastUpgradeCheck = 0510;
				ORGANIZATIONNAME = "Austin Nolan";
				TargetAttributes = {
					D5F9BBC718FD672F00E249DE = {
						TestTargetID = D5F9BBAC18FD672F00E249DE;
					};
				};
			};
			buildConfigurationList = D5F9BBA818FD672F00E249DE /* Build configuration list for PBXProject "DrawLinesApp" */;
			compatibilityVersion = "Xcode 3.2";
			developmentRegion = English;
			hasScannedForEncodings = 0;
			knownRegions = (
				en,
			);
			mainGroup = D5F9BBA418FD672F00E249DE;
			productRefGroup = D5F9BBAE18FD672F00E249DE /* Products */;
			projectDirPath = "";
			projectRoot = "";
			targets = (
				D5F9BBAC18FD672F00E249DE /* DrawLinesApp */,
				D5F9BBC718FD672F00E249DE /* DrawLinesAppTests */,
			);
		};
/* End PBXProject section */

/* Begin PBXResourcesBuildPhase section */
		D5F9BBAB18FD672F00E249DE /* Resources */ = {
			isa = PBXResourcesBuildPhase;
			buildActionMask = 2147483647;
			files = (
				D5F9BBBB18FD672F00E249DE /* InfoPlist.strings in Resources */,
				D5F9BBC318FD672F00E249DE /* Images.xcassets in Resources */,
			);
			runOnlyForDeploymentPostprocessing = 0;
		};
		D5F9BBC618FD672F00E249DE /* Resources */ = {
			isa = PBXResourcesBuildPhase;
			buildActionMask = 2147483647;
			files = (
				D5F9BBD418FD672F00E249DE /* InfoPlist.strings in Resources */,
			);
			runOnlyForDeploymentPostprocessing = 0;
		};
/* End PBXResourcesBuildPhase section */

/* Begin PBXSourcesBuildPhase section */
		D5F9BBA918FD672F00E249DE /* Sources */ = {
			isa = PBXSourcesBuildPhase;
			buildActionMask = 2147483647;
			files = (
				D5F9BBC118FD672F00E249DE /* DLAAppDelegate.m in Sources */,
				D5F9BBBD18FD672F00E249DE /* main.m in Sources */,
				D5F9BBE418FD69B200E249DE /* DLAStage.m in Sources */,
				D5F9BBE118FD679000E249DE /* DLAViewController.m in Sources */,
			);
			runOnlyForDeploymentPostprocessing = 0;
		};
		D5F9BBC418FD672F00E249DE /* Sources */ = {
			isa = PBXSourcesBuildPhase;
			buildActionMask = 2147483647;
			files = (
				D5F9BBD618FD672F00E249DE /* DrawLinesAppTests.m in Sources */,
			);
			runOnlyForDeploymentPostprocessing = 0;
		};
/* End PBXSourcesBuildPhase section */

/* Begin PBXTargetDependency section */
		D5F9BBCE18FD672F00E249DE /* PBXTargetDependency */ = {
			isa = PBXTargetDependency;
			target = D5F9BBAC18FD672F00E249DE /* DrawLinesApp */;
			targetProxy = D5F9BBCD18FD672F00E249DE /* PBXContainerItemProxy */;
		};
/* End PBXTargetDependency section */

/* Begin PBXVariantGroup section */
		D5F9BBB918FD672F00E249DE /* InfoPlist.strings */ = {
			isa = PBXVariantGroup;
			children = (
				D5F9BBBA18FD672F00E249DE /* en */,
			);
			name = InfoPlist.strings;
			sourceTree = "<group>";
		};
		D5F9BBD218FD672F00E249DE /* InfoPlist.strings */ = {
			isa = PBXVariantGroup;
			children = (
				D5F9BBD318FD672F00E249DE /* en */,
			);
			name = InfoPlist.strings;
			sourceTree = "<group>";
		};
/* End PBXVariantGroup section */

/* Begin XCBuildConfiguration section */
		D5F9BBD718FD672F00E249DE /* Debug */ = {
			isa = XCBuildConfiguration;
			buildSettings = {
				ALWAYS_SEARCH_USER_PATHS = NO;
				CLANG_CXX_LANGUAGE_STANDARD = "gnu++0x";
				CLANG_CXX_LIBRARY = "libc++";
				CLANG_ENABLE_MODULES = YES;
				CLANG_ENABLE_OBJC_ARC = YES;
				CLANG_WARN_BOOL_CONVERSION = YES;
				CLANG_WARN_CONSTANT_CONVERSION = YES;
				CLANG_WARN_DIRECT_OBJC_ISA_USAGE = YES_ERROR;
				CLANG_WARN_EMPTY_BODY = YES;
				CLANG_WARN_ENUM_CONVERSION = YES;
				CLANG_WARN_INT_CONVERSION = YES;
				CLANG_WARN_OBJC_ROOT_CLASS = YES_ERROR;
				CLANG_WARN__DUPLICATE_METHOD_MATCH = YES;
				"CODE_SIGN_IDENTITY[sdk=iphoneos*]" = "iPhone Developer";
				COPY_PHASE_STRIP = NO;
				GCC_C_LANGUAGE_STANDARD = gnu99;
				GCC_DYNAMIC_NO_PIC = NO;
				GCC_OPTIMIZATION_LEVEL = 0;
				GCC_PREPROCESSOR_DEFINITIONS = (
					"DEBUG=1",
					"$(inherited)",
				);
				GCC_SYMBOLS_PRIVATE_EXTERN = NO;
				GCC_WARN_64_TO_32_BIT_CONVERSION = YES;
				GCC_WARN_ABOUT_RETURN_TYPE = YES_ERROR;
				GCC_WARN_UNDECLARED_SELECTOR = YES;
				GCC_WARN_UNINITIALIZED_AUTOS = YES_AGGRESSIVE;
				GCC_WARN_UNUSED_FUNCTION = YES;
				GCC_WARN_UNUSED_VARIABLE = YES;
				IPHONEOS_DEPLOYMENT_TARGET = 7.1;
				ONLY_ACTIVE_ARCH = YES;
				SDKROOT = iphoneos;
			};
			name = Debug;
		};
		D5F9BBD818FD672F00E249DE /* Release */ = {
			isa = XCBuildConfiguration;
			buildSettings = {
				ALWAYS_SEARCH_USER_PATHS = NO;
				CLANG_CXX_LANGUAGE_STANDARD = "gnu++0x";
				CLANG_CXX_LIBRARY = "libc++";
				CLANG_ENABLE_MODULES = YES;
				CLANG_ENABLE_OBJC_ARC = YES;
				CLANG_WARN_BOOL_CONVERSION = YES;
				CLANG_WARN_CONSTANT_CONVERSION = YES;
				CLANG_WARN_DIRECT_OBJC_ISA_USAGE = YES_ERROR;
				CLANG_WARN_EMPTY_BODY = YES;
				CLANG_WARN_ENUM_CONVERSION = YES;
				CLANG_WARN_INT_CONVERSION = YES;
				CLANG_WARN_OBJC_ROOT_CLASS = YES_ERROR;
				CLANG_WARN__DUPLICATE_METHOD_MATCH = YES;
				"CODE_SIGN_IDENTITY[sdk=iphoneos*]" = "iPhone Developer";
				COPY_PHASE_STRIP = YES;
				ENABLE_NS_ASSERTIONS = NO;
				GCC_C_LANGUAGE_STANDARD = gnu99;
				GCC_WARN_64_TO_32_BIT_CONVERSION = YES;
				GCC_WARN_ABOUT_RETURN_TYPE = YES_ERROR;
				GCC_WARN_UNDECLARED_SELECTOR = YES;
				GCC_WARN_UNINITIALIZED_AUTOS = YES_AGGRESSIVE;
				GCC_WARN_UNUSED_FUNCTION = YES;
				GCC_WARN_UNUSED_VARIABLE = YES;
				IPHONEOS_DEPLOYMENT_TARGET = 7.1;
				SDKROOT = iphoneos;
				VALIDATE_PRODUCT = YES;
			};
			name = Release;
		};
		D5F9BBDA18FD672F00E249DE /* Debug */ = {
			isa = XCBuildConfiguration;
			buildSettings = {
				ASSETCATALOG_COMPILER_APPICON_NAME = AppIcon;
				ASSETCATALOG_COMPILER_LAUNCHIMAGE_NAME = LaunchImage;
				GCC_PRECOMPILE_PREFIX_HEADER = YES;
				GCC_PREFIX_HEADER = "DrawLinesApp/DrawLinesApp-Prefix.pch";
				INFOPLIST_FILE = "DrawLinesApp/DrawLinesApp-Info.plist";
				IPHONEOS_DEPLOYMENT_TARGET = 7.0;
				PRODUCT_NAME = "$(TARGET_NAME)";
				WRAPPER_EXTENSION = app;
			};
			name = Debug;
		};
		D5F9BBDB18FD672F00E249DE /* Release */ = {
			isa = XCBuildConfiguration;
			buildSettings = {
				ASSETCATALOG_COMPILER_APPICON_NAME = AppIcon;
				ASSETCATALOG_COMPILER_LAUNCHIMAGE_NAME = LaunchImage;
				GCC_PRECOMPILE_PREFIX_HEADER = YES;
				GCC_PREFIX_HEADER = "DrawLinesApp/DrawLinesApp-Prefix.pch";
				INFOPLIST_FILE = "DrawLinesApp/DrawLinesApp-Info.plist";
				IPHONEOS_DEPLOYMENT_TARGET = 7.0;
				PRODUCT_NAME = "$(TARGET_NAME)";
				WRAPPER_EXTENSION = app;
			};
			name = Release;
		};
		D5F9BBDD18FD672F00E249DE /* Debug */ = {
			isa = XCBuildConfiguration;
			buildSettings = {
				BUNDLE_LOADER = "$(BUILT_PRODUCTS_DIR)/DrawLinesApp.app/DrawLinesApp";
				FRAMEWORK_SEARCH_PATHS = (
					"$(SDKROOT)/Developer/Library/Frameworks",
					"$(inherited)",
					"$(DEVELOPER_FRAMEWORKS_DIR)",
				);
				GCC_PRECOMPILE_PREFIX_HEADER = YES;
				GCC_PREFIX_HEADER = "DrawLinesApp/DrawLinesApp-Prefix.pch";
				GCC_PREPROCESSOR_DEFINITIONS = (
					"DEBUG=1",
					"$(inherited)",
				);
				INFOPLIST_FILE = "DrawLinesAppTests/DrawLinesAppTests-Info.plist";
				PRODUCT_NAME = "$(TARGET_NAME)";
				TEST_HOST = "$(BUNDLE_LOADER)";
				WRAPPER_EXTENSION = xctest;
			};
			name = Debug;
		};
		D5F9BBDE18FD672F00E249DE /* Release */ = {
			isa = XCBuildConfiguration;
			buildSettings = {
				BUNDLE_LOADER = "$(BUILT_PRODUCTS_DIR)/DrawLinesApp.app/DrawLinesApp";
				FRAMEWORK_SEARCH_PATHS = (
					"$(SDKROOT)/Developer/Library/Frameworks",
					"$(inherited)",
					"$(DEVELOPER_FRAMEWORKS_DIR)",
				);
				GCC_PRECOMPILE_PREFIX_HEADER = YES;
				GCC_PREFIX_HEADER = "DrawLinesApp/DrawLinesApp-Prefix.pch";
				INFOPLIST_FILE = "DrawLinesAppTests/DrawLinesAppTests-Info.plist";
				PRODUCT_NAME = "$(TARGET_NAME)";
				TEST_HOST = "$(BUNDLE_LOADER)";
				WRAPPER_EXTENSION = xctest;
			};
			name = Release;
		};
/* End XCBuildConfiguration section */

/* Begin XCConfigurationList section */
		D5F9BBA818FD672F00E249DE /* Build configuration list for PBXProject "DrawLinesApp" */ = {
			isa = XCConfigurationList;
			buildConfigurations = (
				D5F9BBD718FD672F00E249DE /* Debug */,
				D5F9BBD818FD672F00E249DE /* Release */,
			);
			defaultConfigurationIsVisible = 0;
			defaultConfigurationName = Release;
		};
		D5F9BBD918FD672F00E249DE /* Build configuration list for PBXNativeTarget "DrawLinesApp" */ = {
			isa = XCConfigurationList;
			buildConfigurations = (
				D5F9BBDA18FD672F00E249DE /* Debug */,
				D5F9BBDB18FD672F00E249DE /* Release */,
			);
			defaultConfigurationIsVisible = 0;
		};
		D5F9BBDC18FD672F00E249DE /* Build configuration list for PBXNativeTarget "DrawLinesAppTests" */ = {
			isa = XCConfigurationList;
			buildConfigurations = (
				D5F9BBDD18FD672F00E249DE /* Debug */,
				D5F9BBDE18FD672F00E249DE /* Release */,
			);
			defaultConfigurationIsVisible = 0;
		};
/* End XCConfigurationList section */
	};
	rootObject = D5F9BBA518FD672F00E249DE /* Project object */;
}
