// !$*UTF8*$!
{
	archiveVersion = 1;
	classes = {
	};
	objectVersion = 46;
	objects = {

/* Begin PBXBuildFile section */
		D567A05418E9BF9F0069E17A /* Foundation.framework in Frameworks */ = {isa = PBXBuildFile; fileRef = D567A05318E9BF9F0069E17A /* Foundation.framework */; };
		D567A05618E9BF9F0069E17A /* CoreGraphics.framework in Frameworks */ = {isa = PBXBuildFile; fileRef = D567A05518E9BF9F0069E17A /* CoreGraphics.framework */; };
		D567A05818E9BF9F0069E17A /* UIKit.framework in Frameworks */ = {isa = PBXBuildFile; fileRef = D567A05718E9BF9F0069E17A /* UIKit.framework */; };
		D567A05E18E9BF9F0069E17A /* InfoPlist.strings in Resources */ = {isa = PBXBuildFile; fileRef = D567A05C18E9BF9F0069E17A /* InfoPlist.strings */; };
		D567A06018E9BF9F0069E17A /* main.m in Sources */ = {isa = PBXBuildFile; fileRef = D567A05F18E9BF9F0069E17A /* main.m */; };
		D567A06418E9BF9F0069E17A /* ANFAppDelegate.m in Sources */ = {isa = PBXBuildFile; fileRef = D567A06318E9BF9F0069E17A /* ANFAppDelegate.m */; };
		D567A06718E9BF9F0069E17A /* Main.storyboard in Resources */ = {isa = PBXBuildFile; fileRef = D567A06518E9BF9F0069E17A /* Main.storyboard */; };
		D567A06A18E9BF9F0069E17A /* ANFViewController.m in Sources */ = {isa = PBXBuildFile; fileRef = D567A06918E9BF9F0069E17A /* ANFViewController.m */; };
		D567A06C18E9BF9F0069E17A /* Images.xcassets in Resources */ = {isa = PBXBuildFile; fileRef = D567A06B18E9BF9F0069E17A /* Images.xcassets */; };
		D567A07318E9BF9F0069E17A /* XCTest.framework in Frameworks */ = {isa = PBXBuildFile; fileRef = D567A07218E9BF9F0069E17A /* XCTest.framework */; };
		D567A07418E9BF9F0069E17A /* Foundation.framework in Frameworks */ = {isa = PBXBuildFile; fileRef = D567A05318E9BF9F0069E17A /* Foundation.framework */; };
		D567A07518E9BF9F0069E17A /* UIKit.framework in Frameworks */ = {isa = PBXBuildFile; fileRef = D567A05718E9BF9F0069E17A /* UIKit.framework */; };
		D567A07D18E9BF9F0069E17A /* InfoPlist.strings in Resources */ = {isa = PBXBuildFile; fileRef = D567A07B18E9BF9F0069E17A /* InfoPlist.strings */; };
		D567A07F18E9BF9F0069E17A /* Fun_AppTests.m in Sources */ = {isa = PBXBuildFile; fileRef = D567A07E18E9BF9F0069E17A /* Fun_AppTests.m */; };
/* End PBXBuildFile section */

/* Begin PBXContainerItemProxy section */
		D567A07618E9BF9F0069E17A /* PBXContainerItemProxy */ = {
			isa = PBXContainerItemProxy;
			containerPortal = D567A04818E9BF9F0069E17A /* Project object */;
			proxyType = 1;
			remoteGlobalIDString = D567A04F18E9BF9F0069E17A;
			remoteInfo = "Fun App";
		};
/* End PBXContainerItemProxy section */

/* Begin PBXFileReference section */
		D567A05018E9BF9F0069E17A /* Fun App.app */ = {isa = PBXFileReference; explicitFileType = wrapper.application; includeInIndex = 0; path = "Fun App.app"; sourceTree = BUILT_PRODUCTS_DIR; };
		D567A05318E9BF9F0069E17A /* Foundation.framework */ = {isa = PBXFileReference; lastKnownFileType = wrapper.framework; name = Foundation.framework; path = System/Library/Frameworks/Foundation.framework; sourceTree = SDKROOT; };
		D567A05518E9BF9F0069E17A /* CoreGraphics.framework */ = {isa = PBXFileReference; lastKnownFileType = wrapper.framework; name = CoreGraphics.framework; path = System/Library/Frameworks/CoreGraphics.framework; sourceTree = SDKROOT; };
		D567A05718E9BF9F0069E17A /* UIKit.framework */ = {isa = PBXFileReference; lastKnownFileType = wrapper.framework; name = UIKit.framework; path = System/Library/Frameworks/UIKit.framework; sourceTree = SDKROOT; };
		D567A05B18E9BF9F0069E17A /* Fun App-Info.plist */ = {isa = PBXFileReference; lastKnownFileType = text.plist.xml; path = "Fun App-Info.plist"; sourceTree = "<group>"; };
		D567A05D18E9BF9F0069E17A /* en */ = {isa = PBXFileReference; lastKnownFileType = text.plist.strings; name = en; path = en.lproj/InfoPlist.strings; sourceTree = "<group>"; };
		D567A05F18E9BF9F0069E17A /* main.m */ = {isa = PBXFileReference; lastKnownFileType = sourcecode.c.objc; path = main.m; sourceTree = "<group>"; };
		D567A06118E9BF9F0069E17A /* Fun App-Prefix.pch */ = {isa = PBXFileReference; lastKnownFileType = sourcecode.c.h; path = "Fun App-Prefix.pch"; sourceTree = "<group>"; };
		D567A06218E9BF9F0069E17A /* ANFAppDelegate.h */ = {isa = PBXFileReference; lastKnownFileType = sourcecode.c.h; path = ANFAppDelegate.h; sourceTree = "<group>"; };
		D567A06318E9BF9F0069E17A /* ANFAppDelegate.m */ = {isa = PBXFileReference; lastKnownFileType = sourcecode.c.objc; path = ANFAppDelegate.m; sourceTree = "<group>"; };
		D567A06618E9BF9F0069E17A /* Base */ = {isa = PBXFileReference; lastKnownFileType = file.storyboard; name = Base; path = Base.lproj/Main.storyboard; sourceTree = "<group>"; };
		D567A06818E9BF9F0069E17A /* ANFViewController.h */ = {isa = PBXFileReference; lastKnownFileType = sourcecode.c.h; path = ANFViewController.h; sourceTree = "<group>"; };
		D567A06918E9BF9F0069E17A /* ANFViewController.m */ = {isa = PBXFileReference; lastKnownFileType = sourcecode.c.objc; path = ANFViewController.m; sourceTree = "<group>"; };
		D567A06B18E9BF9F0069E17A /* Images.xcassets */ = {isa = PBXFileReference; lastKnownFileType = folder.assetcatalog; path = Images.xcassets; sourceTree = "<group>"; };
		D567A07118E9BF9F0069E17A /* Fun AppTests.xctest */ = {isa = PBXFileReference; explicitFileType = wrapper.cfbundle; includeInIndex = 0; path = "Fun AppTests.xctest"; sourceTree = BUILT_PRODUCTS_DIR; };
		D567A07218E9BF9F0069E17A /* XCTest.framework */ = {isa = PBXFileReference; lastKnownFileType = wrapper.framework; name = XCTest.framework; path = Library/Frameworks/XCTest.framework; sourceTree = DEVELOPER_DIR; };
		D567A07A18E9BF9F0069E17A /* Fun AppTests-Info.plist */ = {isa = PBXFileReference; lastKnownFileType = text.plist.xml; path = "Fun AppTests-Info.plist"; sourceTree = "<group>"; };
		D567A07C18E9BF9F0069E17A /* en */ = {isa = PBXFileReference; lastKnownFileType = text.plist.strings; name = en; path = en.lproj/InfoPlist.strings; sourceTree = "<group>"; };
		D567A07E18E9BF9F0069E17A /* Fun_AppTests.m */ = {isa = PBXFileReference; lastKnownFileType = sourcecode.c.objc; path = Fun_AppTests.m; sourceTree = "<group>"; };
/* End PBXFileReference section */

/* Begin PBXFrameworksBuildPhase section */
		D567A04D18E9BF9F0069E17A /* Frameworks */ = {
			isa = PBXFrameworksBuildPhase;
			buildActionMask = 2147483647;
			files = (
				D567A05618E9BF9F0069E17A /* CoreGraphics.framework in Frameworks */,
				D567A05818E9BF9F0069E17A /* UIKit.framework in Frameworks */,
				D567A05418E9BF9F0069E17A /* Foundation.framework in Frameworks */,
			);
			runOnlyForDeploymentPostprocessing = 0;
		};
		D567A06E18E9BF9F0069E17A /* Frameworks */ = {
			isa = PBXFrameworksBuildPhase;
			buildActionMask = 2147483647;
			files = (
				D567A07318E9BF9F0069E17A /* XCTest.framework in Frameworks */,
				D567A07518E9BF9F0069E17A /* UIKit.framework in Frameworks */,
				D567A07418E9BF9F0069E17A /* Foundation.framework in Frameworks */,
			);
			runOnlyForDeploymentPostprocessing = 0;
		};
/* End PBXFrameworksBuildPhase section */

/* Begin PBXGroup section */
		D567A04718E9BF9F0069E17A = {
			isa = PBXGroup;
			children = (
				D567A05918E9BF9F0069E17A /* Fun App */,
				D567A07818E9BF9F0069E17A /* Fun AppTests */,
				D567A05218E9BF9F0069E17A /* Frameworks */,
				D567A05118E9BF9F0069E17A /* Products */,
			);
			sourceTree = "<group>";
		};
		D567A05118E9BF9F0069E17A /* Products */ = {
			isa = PBXGroup;
			children = (
				D567A05018E9BF9F0069E17A /* Fun App.app */,
				D567A07118E9BF9F0069E17A /* Fun AppTests.xctest */,
			);
			name = Products;
			sourceTree = "<group>";
		};
		D567A05218E9BF9F0069E17A /* Frameworks */ = {
			isa = PBXGroup;
			children = (
				D567A05318E9BF9F0069E17A /* Foundation.framework */,
				D567A05518E9BF9F0069E17A /* CoreGraphics.framework */,
				D567A05718E9BF9F0069E17A /* UIKit.framework */,
				D567A07218E9BF9F0069E17A /* XCTest.framework */,
			);
			name = Frameworks;
			sourceTree = "<group>";
		};
		D567A05918E9BF9F0069E17A /* Fun App */ = {
			isa = PBXGroup;
			children = (
				D567A06218E9BF9F0069E17A /* ANFAppDelegate.h */,
				D567A06318E9BF9F0069E17A /* ANFAppDelegate.m */,
				D567A06518E9BF9F0069E17A /* Main.storyboard */,
				D567A06818E9BF9F0069E17A /* ANFViewController.h */,
				D567A06918E9BF9F0069E17A /* ANFViewController.m */,
				D567A06B18E9BF9F0069E17A /* Images.xcassets */,
				D567A05A18E9BF9F0069E17A /* Supporting Files */,
			);
			path = "Fun App";
			sourceTree = "<group>";
		};
		D567A05A18E9BF9F0069E17A /* Supporting Files */ = {
			isa = PBXGroup;
			children = (
				D567A05B18E9BF9F0069E17A /* Fun App-Info.plist */,
				D567A05C18E9BF9F0069E17A /* InfoPlist.strings */,
				D567A05F18E9BF9F0069E17A /* main.m */,
				D567A06118E9BF9F0069E17A /* Fun App-Prefix.pch */,
			);
			name = "Supporting Files";
			sourceTree = "<group>";
		};
		D567A07818E9BF9F0069E17A /* Fun AppTests */ = {
			isa = PBXGroup;
			children = (
				D567A07E18E9BF9F0069E17A /* Fun_AppTests.m */,
				D567A07918E9BF9F0069E17A /* Supporting Files */,
			);
			path = "Fun AppTests";
			sourceTree = "<group>";
		};
		D567A07918E9BF9F0069E17A /* Supporting Files */ = {
			isa = PBXGroup;
			children = (
				D567A07A18E9BF9F0069E17A /* Fun AppTests-Info.plist */,
				D567A07B18E9BF9F0069E17A /* InfoPlist.strings */,
			);
			name = "Supporting Files";
			sourceTree = "<group>";
		};
/* End PBXGroup section */

/* Begin PBXNativeTarget section */
		D567A04F18E9BF9F0069E17A /* Fun App */ = {
			isa = PBXNativeTarget;
			buildConfigurationList = D567A08218E9BF9F0069E17A /* Build configuration list for PBXNativeTarget "Fun App" */;
			buildPhases = (
				D567A04C18E9BF9F0069E17A /* Sources */,
				D567A04D18E9BF9F0069E17A /* Frameworks */,
				D567A04E18E9BF9F0069E17A /* Resources */,
			);
			buildRules = (
			);
			dependencies = (
			);
			name = "Fun App";
			productName = "Fun App";
			productReference = D567A05018E9BF9F0069E17A /* Fun App.app */;
			productType = "com.apple.product-type.application";
		};
		D567A07018E9BF9F0069E17A /* Fun AppTests */ = {
			isa = PBXNativeTarget;
			buildConfigurationList = D567A08518E9BF9F0069E17A /* Build configuration list for PBXNativeTarget "Fun AppTests" */;
			buildPhases = (
				D567A06D18E9BF9F0069E17A /* Sources */,
				D567A06E18E9BF9F0069E17A /* Frameworks */,
				D567A06F18E9BF9F0069E17A /* Resources */,
			);
			buildRules = (
			);
			dependencies = (
				D567A07718E9BF9F0069E17A /* PBXTargetDependency */,
			);
			name = "Fun AppTests";
			productName = "Fun AppTests";
			productReference = D567A07118E9BF9F0069E17A /* Fun AppTests.xctest */;
			productType = "com.apple.product-type.bundle.unit-test";
		};
/* End PBXNativeTarget section */

/* Begin PBXProject section */
		D567A04818E9BF9F0069E17A /* Project object */ = {
			isa = PBXProject;
			attributes = {
				CLASSPREFIX = ANF;
				LastUpgradeCheck = 0510;
				ORGANIZATIONNAME = "Austin Nolan";
				TargetAttributes = {
					D567A07018E9BF9F0069E17A = {
						TestTargetID = D567A04F18E9BF9F0069E17A;
					};
				};
			};
			buildConfigurationList = D567A04B18E9BF9F0069E17A /* Build configuration list for PBXProject "Fun App" */;
			compatibilityVersion = "Xcode 3.2";
			developmentRegion = English;
			hasScannedForEncodings = 0;
			knownRegions = (
				en,
				Base,
			);
			mainGroup = D567A04718E9BF9F0069E17A;
			productRefGroup = D567A05118E9BF9F0069E17A /* Products */;
			projectDirPath = "";
			projectRoot = "";
			targets = (
				D567A04F18E9BF9F0069E17A /* Fun App */,
				D567A07018E9BF9F0069E17A /* Fun AppTests */,
			);
		};
/* End PBXProject section */

/* Begin PBXResourcesBuildPhase section */
		D567A04E18E9BF9F0069E17A /* Resources */ = {
			isa = PBXResourcesBuildPhase;
			buildActionMask = 2147483647;
			files = (
				D567A06C18E9BF9F0069E17A /* Images.xcassets in Resources */,
				D567A05E18E9BF9F0069E17A /* InfoPlist.strings in Resources */,
				D567A06718E9BF9F0069E17A /* Main.storyboard in Resources */,
			);
			runOnlyForDeploymentPostprocessing = 0;
		};
		D567A06F18E9BF9F0069E17A /* Resources */ = {
			isa = PBXResourcesBuildPhase;
			buildActionMask = 2147483647;
			files = (
				D567A07D18E9BF9F0069E17A /* InfoPlist.strings in Resources */,
			);
			runOnlyForDeploymentPostprocessing = 0;
		};
/* End PBXResourcesBuildPhase section */

/* Begin PBXSourcesBuildPhase section */
		D567A04C18E9BF9F0069E17A /* Sources */ = {
			isa = PBXSourcesBuildPhase;
			buildActionMask = 2147483647;
			files = (
				D567A06A18E9BF9F0069E17A /* ANFViewController.m in Sources */,
				D567A06418E9BF9F0069E17A /* ANFAppDelegate.m in Sources */,
				D567A06018E9BF9F0069E17A /* main.m in Sources */,
			);
			runOnlyForDeploymentPostprocessing = 0;
		};
		D567A06D18E9BF9F0069E17A /* Sources */ = {
			isa = PBXSourcesBuildPhase;
			buildActionMask = 2147483647;
			files = (
				D567A07F18E9BF9F0069E17A /* Fun_AppTests.m in Sources */,
			);
			runOnlyForDeploymentPostprocessing = 0;
		};
/* End PBXSourcesBuildPhase section */

/* Begin PBXTargetDependency section */
		D567A07718E9BF9F0069E17A /* PBXTargetDependency */ = {
			isa = PBXTargetDependency;
			target = D567A04F18E9BF9F0069E17A /* Fun App */;
			targetProxy = D567A07618E9BF9F0069E17A /* PBXContainerItemProxy */;
		};
/* End PBXTargetDependency section */

/* Begin PBXVariantGroup section */
		D567A05C18E9BF9F0069E17A /* InfoPlist.strings */ = {
			isa = PBXVariantGroup;
			children = (
				D567A05D18E9BF9F0069E17A /* en */,
			);
			name = InfoPlist.strings;
			sourceTree = "<group>";
		};
		D567A06518E9BF9F0069E17A /* Main.storyboard */ = {
			isa = PBXVariantGroup;
			children = (
				D567A06618E9BF9F0069E17A /* Base */,
			);
			name = Main.storyboard;
			sourceTree = "<group>";
		};
		D567A07B18E9BF9F0069E17A /* InfoPlist.strings */ = {
			isa = PBXVariantGroup;
			children = (
				D567A07C18E9BF9F0069E17A /* en */,
			);
			name = InfoPlist.strings;
			sourceTree = "<group>";
		};
/* End PBXVariantGroup section */

/* Begin XCBuildConfiguration section */
		D567A08018E9BF9F0069E17A /* Debug */ = {
			isa = XCBuildConfiguration;
			buildSettings = {
				ALWAYS_SEARCH_USER_PATHS = NO;
				CLANG_CXX_LANGUAGE_STANDARD = "gnu++0x";
				CLANG_CXX_LIBRARY = "libc++";
				CLANG_ENABLE_MODULES = YES;
				CLANG_ENABLE_OBJC_ARC = YES;
				CLANG_WARN_BOOL_CONVERSION = YES;
				CLANG_WARN_CONSTANT_CONVERSION = YES;
				CLANG_WARN_DIRECT_OBJC_ISA_USAGE = YES_ERROR;
				CLANG_WARN_EMPTY_BODY = YES;
				CLANG_WARN_ENUM_CONVERSION = YES;
				CLANG_WARN_INT_CONVERSION = YES;
				CLANG_WARN_OBJC_ROOT_CLASS = YES_ERROR;
				CLANG_WARN__DUPLICATE_METHOD_MATCH = YES;
				"CODE_SIGN_IDENTITY[sdk=iphoneos*]" = "iPhone Developer";
				COPY_PHASE_STRIP = NO;
				GCC_C_LANGUAGE_STANDARD = gnu99;
				GCC_DYNAMIC_NO_PIC = NO;
				GCC_OPTIMIZATION_LEVEL = 0;
				GCC_PREPROCESSOR_DEFINITIONS = (
					"DEBUG=1",
					"$(inherited)",
				);
				GCC_SYMBOLS_PRIVATE_EXTERN = NO;
				GCC_WARN_64_TO_32_BIT_CONVERSION = YES;
				GCC_WARN_ABOUT_RETURN_TYPE = YES_ERROR;
				GCC_WARN_UNDECLARED_SELECTOR = YES;
				GCC_WARN_UNINITIALIZED_AUTOS = YES_AGGRESSIVE;
				GCC_WARN_UNUSED_FUNCTION = YES;
				GCC_WARN_UNUSED_VARIABLE = YES;
				IPHONEOS_DEPLOYMENT_TARGET = 7.1;
				ONLY_ACTIVE_ARCH = YES;
				SDKROOT = iphoneos;
			};
			name = Debug;
		};
		D567A08118E9BF9F0069E17A /* Release */ = {
			isa = XCBuildConfiguration;
			buildSettings = {
				ALWAYS_SEARCH_USER_PATHS = NO;
				CLANG_CXX_LANGUAGE_STANDARD = "gnu++0x";
				CLANG_CXX_LIBRARY = "libc++";
				CLANG_ENABLE_MODULES = YES;
				CLANG_ENABLE_OBJC_ARC = YES;
				CLANG_WARN_BOOL_CONVERSION = YES;
				CLANG_WARN_CONSTANT_CONVERSION = YES;
				CLANG_WARN_DIRECT_OBJC_ISA_USAGE = YES_ERROR;
				CLANG_WARN_EMPTY_BODY = YES;
				CLANG_WARN_ENUM_CONVERSION = YES;
				CLANG_WARN_INT_CONVERSION = YES;
				CLANG_WARN_OBJC_ROOT_CLASS = YES_ERROR;
				CLANG_WARN__DUPLICATE_METHOD_MATCH = YES;
				"CODE_SIGN_IDENTITY[sdk=iphoneos*]" = "iPhone Developer";
				COPY_PHASE_STRIP = YES;
				ENABLE_NS_ASSERTIONS = NO;
				GCC_C_LANGUAGE_STANDARD = gnu99;
				GCC_WARN_64_TO_32_BIT_CONVERSION = YES;
				GCC_WARN_ABOUT_RETURN_TYPE = YES_ERROR;
				GCC_WARN_UNDECLARED_SELECTOR = YES;
				GCC_WARN_UNINITIALIZED_AUTOS = YES_AGGRESSIVE;
				GCC_WARN_UNUSED_FUNCTION = YES;
				GCC_WARN_UNUSED_VARIABLE = YES;
				IPHONEOS_DEPLOYMENT_TARGET = 7.1;
				SDKROOT = iphoneos;
				VALIDATE_PRODUCT = YES;
			};
			name = Release;
		};
		D567A08318E9BF9F0069E17A /* Debug */ = {
			isa = XCBuildConfiguration;
			buildSettings = {
				ASSETCATALOG_COMPILER_APPICON_NAME = AppIcon;
				ASSETCATALOG_COMPILER_LAUNCHIMAGE_NAME = LaunchImage;
				GCC_PRECOMPILE_PREFIX_HEADER = YES;
				GCC_PREFIX_HEADER = "Fun App/Fun App-Prefix.pch";
				INFOPLIST_FILE = "Fun App/Fun App-Info.plist";
				IPHONEOS_DEPLOYMENT_TARGET = 7.0;
				PRODUCT_NAME = "$(TARGET_NAME)";
				TARGETED_DEVICE_FAMILY = 1;
				WRAPPER_EXTENSION = app;
			};
			name = Debug;
		};
		D567A08418E9BF9F0069E17A /* Release */ = {
			isa = XCBuildConfiguration;
			buildSettings = {
				ASSETCATALOG_COMPILER_APPICON_NAME = AppIcon;
				ASSETCATALOG_COMPILER_LAUNCHIMAGE_NAME = LaunchImage;
				GCC_PRECOMPILE_PREFIX_HEADER = YES;
				GCC_PREFIX_HEADER = "Fun App/Fun App-Prefix.pch";
				INFOPLIST_FILE = "Fun App/Fun App-Info.plist";
				IPHONEOS_DEPLOYMENT_TARGET = 7.0;
				PRODUCT_NAME = "$(TARGET_NAME)";
				TARGETED_DEVICE_FAMILY = 1;
				WRAPPER_EXTENSION = app;
			};
			name = Release;
		};
		D567A08618E9BF9F0069E17A /* Debug */ = {
			isa = XCBuildConfiguration;
			buildSettings = {
				BUNDLE_LOADER = "$(BUILT_PRODUCTS_DIR)/Fun App.app/Fun App";
				FRAMEWORK_SEARCH_PATHS = (
					"$(SDKROOT)/Developer/Library/Frameworks",
					"$(inherited)",
					"$(DEVELOPER_FRAMEWORKS_DIR)",
				);
				GCC_PRECOMPILE_PREFIX_HEADER = YES;
				GCC_PREFIX_HEADER = "Fun App/Fun App-Prefix.pch";
				GCC_PREPROCESSOR_DEFINITIONS = (
					"DEBUG=1",
					"$(inherited)",
				);
				INFOPLIST_FILE = "Fun AppTests/Fun AppTests-Info.plist";
				PRODUCT_NAME = "$(TARGET_NAME)";
				TEST_HOST = "$(BUNDLE_LOADER)";
				WRAPPER_EXTENSION = xctest;
			};
			name = Debug;
		};
		D567A08718E9BF9F0069E17A /* Release */ = {
			isa = XCBuildConfiguration;
			buildSettings = {
				BUNDLE_LOADER = "$(BUILT_PRODUCTS_DIR)/Fun App.app/Fun App";
				FRAMEWORK_SEARCH_PATHS = (
					"$(SDKROOT)/Developer/Library/Frameworks",
					"$(inherited)",
					"$(DEVELOPER_FRAMEWORKS_DIR)",
				);
				GCC_PRECOMPILE_PREFIX_HEADER = YES;
				GCC_PREFIX_HEADER = "Fun App/Fun App-Prefix.pch";
				INFOPLIST_FILE = "Fun AppTests/Fun AppTests-Info.plist";
				PRODUCT_NAME = "$(TARGET_NAME)";
				TEST_HOST = "$(BUNDLE_LOADER)";
				WRAPPER_EXTENSION = xctest;
			};
			name = Release;
		};
/* End XCBuildConfiguration section */

/* Begin XCConfigurationList section */
		D567A04B18E9BF9F0069E17A /* Build configuration list for PBXProject "Fun App" */ = {
			isa = XCConfigurationList;
			buildConfigurations = (
				D567A08018E9BF9F0069E17A /* Debug */,
				D567A08118E9BF9F0069E17A /* Release */,
			);
			defaultConfigurationIsVisible = 0;
			defaultConfigurationName = Release;
		};
		D567A08218E9BF9F0069E17A /* Build configuration list for PBXNativeTarget "Fun App" */ = {
			isa = XCConfigurationList;
			buildConfigurations = (
				D567A08318E9BF9F0069E17A /* Debug */,
				D567A08418E9BF9F0069E17A /* Release */,
			);
			defaultConfigurationIsVisible = 0;
		};
		D567A08518E9BF9F0069E17A /* Build configuration list for PBXNativeTarget "Fun AppTests" */ = {
			isa = XCConfigurationList;
			buildConfigurations = (
				D567A08618E9BF9F0069E17A /* Debug */,
				D567A08718E9BF9F0069E17A /* Release */,
			);
			defaultConfigurationIsVisible = 0;
		};
/* End XCConfigurationList section */
	};
	rootObject = D567A04818E9BF9F0069E17A /* Project object */;
}
